
Microsoft Visual Studio Solution File, Format Version 12.00
# Visual Studio Version 17
VisualStudioVersion = 17.6.33717.318
MinimumVisualStudioVersion = 10.0.40219.1
Project("{FAE04EC0-301F-11D3-BF4B-00C04F79EFBC}") = "DUOSABER_form", "DUOSABER_form\DUOSABER_form.csproj", "{88C462C4-31EB-46EF-A043-AF79A314F712}"
EndProject
Project("{FAE04EC0-301F-11D3-BF4B-00C04F79EFBC}") = "HidLibrary", "..\DUOsaber_AppData\HidLibrary\HidLibrary.csproj", "{9E8F1D50-74EA-4C60-BD5C-AB2C5B53BC66}"
EndProject
Project("{FAE04EC0-301F-11D3-BF4B-00C04F79EFBC}") = "DUOSABER", "..\DUOsaber_AppData\DUOsaber\DUOSABER\DUOSABER.csproj", "{F67B665B-ECA2-48F9-B656-9F739323AEBE}"
EndProject
Project("{C7167F0D-BC9F-4E6E-AFE1-012C56B48DB5}") = "DUOsaber_pac", "..\DUOsaber_AppData\DUOsaber_pac\DUOsaber_pac.wapproj", "{C2E7ED7A-3850-4994-9C74-269E5EC52077}"
EndProject
Project("{54435603-DBB4-11D2-8724-00A0C9A8B90C}") = "DUOSABER_setup", "DUOSABER_setup\DUOSABER_setup.vdproj", "{5EDF4F6F-04FA-469C-ACA5-130F426DF71F}"
EndProject
Global
	GlobalSection(SolutionConfigurationPlatforms) = preSolution
		Debug|Any CPU = Debug|Any CPU
		Debug|ARM = Debug|ARM
		Debug|ARM64 = Debug|ARM64
		Debug|x64 = Debug|x64
		Debug|x86 = Debug|x86
		Release|Any CPU = Release|Any CPU
		Release|ARM = Release|ARM
		Release|ARM64 = Release|ARM64
		Release|x64 = Release|x64
		Release|x86 = Release|x86
	EndGlobalSection
	GlobalSection(ProjectConfigurationPlatforms) = postSolution
		{88C462C4-31EB-46EF-A043-AF79A314F712}.Debug|Any CPU.ActiveCfg = Debug|Any CPU
		{88C462C4-31EB-46EF-A043-AF79A314F712}.Debug|Any CPU.Build.0 = Debug|Any CPU
		{88C462C4-31EB-46EF-A043-AF79A314F712}.Debug|ARM.ActiveCfg = Debug|Any CPU
		{88C462C4-31EB-46EF-A043-AF79A314F712}.Debug|ARM.Build.0 = Debug|Any CPU
		{88C462C4-31EB-46EF-A043-AF79A314F712}.Debug|ARM64.ActiveCfg = Debug|Any CPU
		{88C462C4-31EB-46EF-A043-AF79A314F712}.Debug|ARM64.Build.0 = Debug|Any CPU
		{88C462C4-31EB-46EF-A043-AF79A314F712}.Debug|x64.ActiveCfg = Debug|Any CPU
		{88C462C4-31EB-46EF-A043-AF79A314F712}.Debug|x64.Build.0 = Debug|Any CPU
		{88C462C4-31EB-46EF-A043-AF79A314F712}.Debug|x86.ActiveCfg = Debug|Any CPU
		{88C462C4-31EB-46EF-A043-AF79A314F712}.Debug|x86.Build.0 = Debug|Any CPU
		{88C462C4-31EB-46EF-A043-AF79A314F712}.Release|Any CPU.ActiveCfg = Release|Any CPU
		{88C462C4-31EB-46EF-A043-AF79A314F712}.Release|Any CPU.Build.0 = Release|Any CPU
		{88C462C4-31EB-46EF-A043-AF79A314F712}.Release|ARM.ActiveCfg = Release|Any CPU
		{88C462C4-31EB-46EF-A043-AF79A314F712}.Release|ARM.Build.0 = Release|Any CPU
		{88C462C4-31EB-46EF-A043-AF79A314F712}.Release|ARM64.ActiveCfg = Release|Any CPU
		{88C462C4-31EB-46EF-A043-AF79A314F712}.Release|ARM64.Build.0 = Release|Any CPU
		{88C462C4-31EB-46EF-A043-AF79A314F712}.Release|x64.ActiveCfg = Release|Any CPU
		{88C462C4-31EB-46EF-A043-AF79A314F712}.Release|x64.Build.0 = Release|Any CPU
		{88C462C4-31EB-46EF-A043-AF79A314F712}.Release|x86.ActiveCfg = Release|Any CPU
		{88C462C4-31EB-46EF-A043-AF79A314F712}.Release|x86.Build.0 = Release|Any CPU
		{9E8F1D50-74EA-4C60-BD5C-AB2C5B53BC66}.Debug|Any CPU.ActiveCfg = Debug|Any CPU
		{9E8F1D50-74EA-4C60-BD5C-AB2C5B53BC66}.Debug|Any CPU.Build.0 = Debug|Any CPU
		{9E8F1D50-74EA-4C60-BD5C-AB2C5B53BC66}.Debug|ARM.ActiveCfg = Debug|Any CPU
		{9E8F1D50-74EA-4C60-BD5C-AB2C5B53BC66}.Debug|ARM.Build.0 = Debug|Any CPU
		{9E8F1D50-74EA-4C60-BD5C-AB2C5B53BC66}.Debug|ARM64.ActiveCfg = Debug|Any CPU
		{9E8F1D50-74EA-4C60-BD5C-AB2C5B53BC66}.Debug|ARM64.Build.0 = Debug|Any CPU
		{9E8F1D50-74EA-4C60-BD5C-AB2C5B53BC66}.Debug|x64.ActiveCfg = Debug|Any CPU
		{9E8F1D50-74EA-4C60-BD5C-AB2C5B53BC66}.Debug|x64.Build.0 = Debug|Any CPU
		{9E8F1D50-74EA-4C60-BD5C-AB2C5B53BC66}.Debug|x86.ActiveCfg = Debug|Any CPU
		{9E8F1D50-74EA-4C60-BD5C-AB2C5B53BC66}.Debug|x86.Build.0 = Debug|Any CPU
		{9E8F1D50-74EA-4C60-BD5C-AB2C5B53BC66}.Release|Any CPU.ActiveCfg = Release|Any CPU
		{9E8F1D50-74EA-4C60-BD5C-AB2C5B53BC66}.Release|Any CPU.Build.0 = Release|Any CPU
		{9E8F1D50-74EA-4C60-BD5C-AB2C5B53BC66}.Release|ARM.ActiveCfg = Release|Any CPU
		{9E8F1D50-74EA-4C60-BD5C-AB2C5B53BC66}.Release|ARM.Build.0 = Release|Any CPU
		{9E8F1D50-74EA-4C60-BD5C-AB2C5B53BC66}.Release|ARM64.ActiveCfg = Release|Any CPU
		{9E8F1D50-74EA-4C60-BD5C-AB2C5B53BC66}.Release|ARM64.Build.0 = Release|Any CPU
		{9E8F1D50-74EA-4C60-BD5C-AB2C5B53BC66}.Release|x64.ActiveCfg = Release|Any CPU
		{9E8F1D50-74EA-4C60-BD5C-AB2C5B53BC66}.Release|x64.Build.0 = Release|Any CPU
		{9E8F1D50-74EA-4C60-BD5C-AB2C5B53BC66}.Release|x86.ActiveCfg = Release|Any CPU
		{9E8F1D50-74EA-4C60-BD5C-AB2C5B53BC66}.Release|x86.Build.0 = Release|Any CPU
		{F67B665B-ECA2-48F9-B656-9F739323AEBE}.Debug|Any CPU.ActiveCfg = Debug|Any CPU
		{F67B665B-ECA2-48F9-B656-9F739323AEBE}.Debug|Any CPU.Build.0 = Debug|Any CPU
		{F67B665B-ECA2-48F9-B656-9F739323AEBE}.Debug|ARM.ActiveCfg = Debug|Any CPU
		{F67B665B-ECA2-48F9-B656-9F739323AEBE}.Debug|ARM.Build.0 = Debug|Any CPU
		{F67B665B-ECA2-48F9-B656-9F739323AEBE}.Debug|ARM64.ActiveCfg = Debug|Any CPU
		{F67B665B-ECA2-48F9-B656-9F739323AEBE}.Debug|ARM64.Build.0 = Debug|Any CPU
		{F67B665B-ECA2-48F9-B656-9F739323AEBE}.Debug|x64.ActiveCfg = Debug|Any CPU
		{F67B665B-ECA2-48F9-B656-9F739323AEBE}.Debug|x64.Build.0 = Debug|Any CPU
		{F67B665B-ECA2-48F9-B656-9F739323AEBE}.Debug|x86.ActiveCfg = Debug|Any CPU
		{F67B665B-ECA2-48F9-B656-9F739323AEBE}.Debug|x86.Build.0 = Debug|Any CPU
		{F67B665B-ECA2-48F9-B656-9F739323AEBE}.Release|Any CPU.ActiveCfg = Release|Any CPU
		{F67B665B-ECA2-48F9-B656-9F739323AEBE}.Release|Any CPU.Build.0 = Release|Any CPU
		{F67B665B-ECA2-48F9-B656-9F739323AEBE}.Release|ARM.ActiveCfg = Release|Any CPU
		{F67B665B-ECA2-48F9-B656-9F739323AEBE}.Release|ARM.Build.0 = Release|Any CPU
		{F67B665B-ECA2-48F9-B656-9F739323AEBE}.Release|ARM64.ActiveCfg = Release|Any CPU
		{F67B665B-ECA2-48F9-B656-9F739323AEBE}.Release|ARM64.Build.0 = Release|Any CPU
		{F67B665B-ECA2-48F9-B656-9F739323AEBE}.Release|x64.ActiveCfg = Release|Any CPU
		{F67B665B-ECA2-48F9-B656-9F739323AEBE}.Release|x64.Build.0 = Release|Any CPU
		{F67B665B-ECA2-48F9-B656-9F739323AEBE}.Release|x86.ActiveCfg = Release|Any CPU
		{F67B665B-ECA2-48F9-B656-9F739323AEBE}.Release|x86.Build.0 = Release|Any CPU
		{C2E7ED7A-3850-4994-9C74-269E5EC52077}.Debug|Any CPU.ActiveCfg = Debug|Any CPU
		{C2E7ED7A-3850-4994-9C74-269E5EC52077}.Debug|Any CPU.Build.0 = Debug|Any CPU
		{C2E7ED7A-3850-4994-9C74-269E5EC52077}.Debug|Any CPU.Deploy.0 = Debug|Any CPU
		{C2E7ED7A-3850-4994-9C74-269E5EC52077}.Debug|ARM.ActiveCfg = Debug|ARM
		{C2E7ED7A-3850-4994-9C74-269E5EC52077}.Debug|ARM.Build.0 = Debug|ARM
		{C2E7ED7A-3850-4994-9C74-269E5EC52077}.Debug|ARM.Deploy.0 = Debug|ARM
		{C2E7ED7A-3850-4994-9C74-269E5EC52077}.Debug|ARM64.ActiveCfg = Debug|ARM64
		{C2E7ED7A-3850-4994-9C74-269E5EC52077}.Debug|ARM64.Build.0 = Debug|ARM64
		{C2E7ED7A-3850-4994-9C74-269E5EC52077}.Debug|ARM64.Deploy.0 = Debug|ARM64
		{C2E7ED7A-3850-4994-9C74-269E5EC52077}.Debug|x64.ActiveCfg = Debug|x64
		{C2E7ED7A-3850-4994-9C74-269E5EC52077}.Debug|x64.Build.0 = Debug|x64
		{C2E7ED7A-3850-4994-9C74-269E5EC52077}.Debug|x64.Deploy.0 = Debug|x64
		{C2E7ED7A-3850-4994-9C74-269E5EC52077}.Debug|x86.ActiveCfg = Debug|x86
		{C2E7ED7A-3850-4994-9C74-269E5EC52077}.Debug|x86.Build.0 = Debug|x86
		{C2E7ED7A-3850-4994-9C74-269E5EC52077}.Debug|x86.Deploy.0 = Debug|x86
		{C2E7ED7A-3850-4994-9C74-269E5EC52077}.Release|Any CPU.ActiveCfg = Release|Any CPU
		{C2E7ED7A-3850-4994-9C74-269E5EC52077}.Release|Any CPU.Build.0 = Release|Any CPU
		{C2E7ED7A-3850-4994-9C74-269E5EC52077}.Release|Any CPU.Deploy.0 = Release|Any CPU
		{C2E7ED7A-3850-4994-9C74-269E5EC52077}.Release|ARM.ActiveCfg = Release|ARM
		{C2E7ED7A-3850-4994-9C74-269E5EC52077}.Release|ARM.Build.0 = Release|ARM
		{C2E7ED7A-3850-4994-9C74-269E5EC52077}.Release|ARM.Deploy.0 = Release|ARM
		{C2E7ED7A-3850-4994-9C74-269E5EC52077}.Release|ARM64.ActiveCfg = Release|ARM64
		{C2E7ED7A-3850-4994-9C74-269E5EC52077}.Release|ARM64.Build.0 = Release|ARM64
		{C2E7ED7A-3850-4994-9C74-269E5EC52077}.Release|ARM64.Deploy.0 = Release|ARM64
		{C2E7ED7A-3850-4994-9C74-269E5EC52077}.Release|x64.ActiveCfg = Release|x64
		{C2E7ED7A-3850-4994-9C74-269E5EC52077}.Release|x64.Build.0 = Release|x64
		{C2E7ED7A-3850-4994-9C74-269E5EC52077}.Release|x64.Deploy.0 = Release|x64
		{C2E7ED7A-3850-4994-9C74-269E5EC52077}.Release|x86.ActiveCfg = Release|x86
		{C2E7ED7A-3850-4994-9C74-269E5EC52077}.Release|x86.Build.0 = Release|x86
		{C2E7ED7A-3850-4994-9C74-269E5EC52077}.Release|x86.Deploy.0 = Release|x86
		{5EDF4F6F-04FA-469C-ACA5-130F426DF71F}.Debug|Any CPU.ActiveCfg = Debug
		{5EDF4F6F-04FA-469C-ACA5-130F426DF71F}.Debug|ARM.ActiveCfg = Debug
		{5EDF4F6F-04FA-469C-ACA5-130F426DF71F}.Debug|ARM64.ActiveCfg = Debug
		{5EDF4F6F-04FA-469C-ACA5-130F426DF71F}.Debug|x64.ActiveCfg = Debug
		{5EDF4F6F-04FA-469C-ACA5-130F426DF71F}.Debug|x86.ActiveCfg = Debug
		{5EDF4F6F-04FA-469C-ACA5-130F426DF71F}.Release|Any CPU.ActiveCfg = Release
		{5EDF4F6F-04FA-469C-ACA5-130F426DF71F}.Release|ARM.ActiveCfg = Release
		{5EDF4F6F-04FA-469C-ACA5-130F426DF71F}.Release|ARM64.ActiveCfg = Release
		{5EDF4F6F-04FA-469C-ACA5-130F426DF71F}.Release|x64.ActiveCfg = Release
		{5EDF4F6F-04FA-469C-ACA5-130F426DF71F}.Release|x86.ActiveCfg = Release
	EndGlobalSection
	GlobalSection(SolutionProperties) = preSolution
		HideSolutionNode = FALSE
	EndGlobalSection
	GlobalSection(ExtensibilityGlobals) = postSolution
		SolutionGuid = {C5C61DCC-2304-41F5-9D46-BBE38C89C71D}
	EndGlobalSection
EndGlobal
